
Microsoft Visual Studio Solution File, Format Version 12.00
# Visual Studio 2013
VisualStudioVersion = 12.0.40629.0
MinimumVisualStudioVersion = 10.0.40219.1
Project("{FAE04EC0-301F-11D3-BF4B-00C04F79EFBC}") = "ECommerce", "ECommerce\ECommerce.csproj", "{9BE1D2C7-4FD0-42BF-B8C0-60A378782ACF}"
EndProject
Project("{FAE04EC0-301F-11D3-BF4B-00C04F79EFBC}") = "ECommerce.Tests", "ECommerce.Tests\ECommerce.Tests.csproj", "{2DDE864C-E2D7-44CA-9F81-0CF1449C5F29}"
EndProject
Global
	GlobalSection(SolutionConfigurationPlatforms) = preSolution
		Debug|Any CPU = Debug|Any CPU
		Release|Any CPU = Release|Any CPU
	EndGlobalSection
	GlobalSection(ProjectConfigurationPlatforms) = postSolution
		{9BE1D2C7-4FD0-42BF-B8C0-60A378782ACF}.Debug|Any CPU.ActiveCfg = Debug|Any CPU
		{9BE1D2C7-4FD0-42BF-B8C0-60A378782ACF}.Debug|Any CPU.Build.0 = Debug|Any CPU
		{9BE1D2C7-4FD0-42BF-B8C0-60A378782ACF}.Release|Any CPU.ActiveCfg = Release|Any CPU
		{9BE1D2C7-4FD0-42BF-B8C0-60A378782ACF}.Release|Any CPU.Build.0 = Release|Any CPU
		{2DDE864C-E2D7-44CA-9F81-0CF1449C5F29}.Debug|Any CPU.ActiveCfg = Debug|Any CPU
		{2DDE864C-E2D7-44CA-9F81-0CF1449C5F29}.Debug|Any CPU.Build.0 = Debug|Any CPU
		{2DDE864C-E2D7-44CA-9F81-0CF1449C5F29}.Release|Any CPU.ActiveCfg = Release|Any CPU
		{2DDE864C-E2D7-44CA-9F81-0CF1449C5F29}.Release|Any CPU.Build.0 = Release|Any CPU
	EndGlobalSection
	GlobalSection(SolutionProperties) = preSolution
		HideSolutionNode = FALSE
	EndGlobalSection
EndGlobal
